
Microsoft Visual Studio Solution File, Format Version 12.00
# Visual Studio Version 16
VisualStudioVersion = 16.0.30413.136
MinimumVisualStudioVersion = 10.0.40219.1
Project("{FAE04EC0-301F-11D3-BF4B-00C04F79EFBC}") = "WindowsFormsApp5", "WindowsFormsApp5\WindowsFormsApp5.csproj", "{C394D94D-5626-4AAF-A64A-29C0DC9F30A7}"
EndProject
Global
	GlobalSection(SolutionConfigurationPlatforms) = preSolution
		Debug|Any CPU = Debug|Any CPU
		Release|Any CPU = Release|Any CPU
	EndGlobalSection
	GlobalSection(ProjectConfigurationPlatforms) = postSolution
		{C394D94D-5626-4AAF-A64A-29C0DC9F30A7}.Debug|Any CPU.ActiveCfg = Debug|Any CPU
		{C394D94D-5626-4AAF-A64A-29C0DC9F30A7}.Debug|Any CPU.Build.0 = Debug|Any CPU
		{C394D94D-5626-4AAF-A64A-29C0DC9F30A7}.Release|Any CPU.ActiveCfg = Release|Any CPU
		{C394D94D-5626-4AAF-A64A-29C0DC9F30A7}.Release|Any CPU.Build.0 = Release|Any CPU
	EndGlobalSection
	GlobalSection(SolutionProperties) = preSolution
		HideSolutionNode = FALSE
	EndGlobalSection
	GlobalSection(ExtensibilityGlobals) = postSolution
		SolutionGuid = {6F1827A6-197D-49C4-8DB4-5A3AC3E4DC59}
	EndGlobalSection
EndGlobal
